
Microsoft Visual Studio Solution File, Format Version 12.00
# Visual Studio Version 16
VisualStudioVersion = 16.0.31005.135
MinimumVisualStudioVersion = 10.0.40219.1
Project("{FAE04EC0-301F-11D3-BF4B-00C04F79EFBC}") = "Hamburgerci.UI", "Hamburgerci.UI\Hamburgerci.UI.csproj", "{EEC540A2-B61B-435E-B916-319B595F9AEF}"
EndProject
Project("{FAE04EC0-301F-11D3-BF4B-00C04F79EFBC}") = "Hamburgerci.DATA", "Hamburgerci.DATA\Hamburgerci.DATA.csproj", "{FBFB2711-0D9F-4076-9DD1-31A26D9CF0C1}"
EndProject
Project("{FAE04EC0-301F-11D3-BF4B-00C04F79EFBC}") = "Hamburgerci.DAL", "Hamburgerci.DAL\Hamburgerci.DAL.csproj", "{AA1F02AD-70E4-44A3-8CB8-048D03958322}"
EndProject
Global
	GlobalSection(SolutionConfigurationPlatforms) = preSolution
		Debug|Any CPU = Debug|Any CPU
		Release|Any CPU = Release|Any CPU
	EndGlobalSection
	GlobalSection(ProjectConfigurationPlatforms) = postSolution
		{EEC540A2-B61B-435E-B916-319B595F9AEF}.Debug|Any CPU.ActiveCfg = Debug|Any CPU
		{EEC540A2-B61B-435E-B916-319B595F9AEF}.Debug|Any CPU.Build.0 = Debug|Any CPU
		{EEC540A2-B61B-435E-B916-319B595F9AEF}.Release|Any CPU.ActiveCfg = Release|Any CPU
		{EEC540A2-B61B-435E-B916-319B595F9AEF}.Release|Any CPU.Build.0 = Release|Any CPU
		{FBFB2711-0D9F-4076-9DD1-31A26D9CF0C1}.Debug|Any CPU.ActiveCfg = Debug|Any CPU
		{FBFB2711-0D9F-4076-9DD1-31A26D9CF0C1}.Debug|Any CPU.Build.0 = Debug|Any CPU
		{FBFB2711-0D9F-4076-9DD1-31A26D9CF0C1}.Release|Any CPU.ActiveCfg = Release|Any CPU
		{FBFB2711-0D9F-4076-9DD1-31A26D9CF0C1}.Release|Any CPU.Build.0 = Release|Any CPU
		{AA1F02AD-70E4-44A3-8CB8-048D03958322}.Debug|Any CPU.ActiveCfg = Debug|Any CPU
		{AA1F02AD-70E4-44A3-8CB8-048D03958322}.Debug|Any CPU.Build.0 = Debug|Any CPU
		{AA1F02AD-70E4-44A3-8CB8-048D03958322}.Release|Any CPU.ActiveCfg = Release|Any CPU
		{AA1F02AD-70E4-44A3-8CB8-048D03958322}.Release|Any CPU.Build.0 = Release|Any CPU
	EndGlobalSection
	GlobalSection(SolutionProperties) = preSolution
		HideSolutionNode = FALSE
	EndGlobalSection
	GlobalSection(ExtensibilityGlobals) = postSolution
		SolutionGuid = {C44925FD-1EC3-4C4A-AC71-16A6602B5BB7}
	EndGlobalSection
	GlobalSection(TeamFoundationVersionControl) = preSolution
		SccNumberOfProjects = 4
		SccEnterpriseProvider = {4CA58AB2-18FA-4F8D-95D4-32DDF27D184C}
		SccTeamFoundationServer = https://dev.azure.com/abidinyarata
		SccLocalPath0 = .
		SccProjectUniqueName1 = Hamburgerci.DAL\\Hamburgerci.DAL.csproj
		SccProjectName1 = Hamburgerci.DAL
		SccLocalPath1 = Hamburgerci.DAL
		SccProjectUniqueName2 = Hamburgerci.DATA\\Hamburgerci.DATA.csproj
		SccProjectName2 = Hamburgerci.DATA
		SccLocalPath2 = Hamburgerci.DATA
		SccProjectUniqueName3 = Hamburgerci.UI\\Hamburgerci.UI.csproj
		SccProjectName3 = Hamburgerci.UI
		SccLocalPath3 = Hamburgerci.UI
	EndGlobalSection
EndGlobal
